
Microsoft Visual Studio Solution File, Format Version 12.00
Project("{FAE04EC0-301F-11D3-BF4B-00C04F79EFBC}") = "LoggingExample.ConsoleApp", "LoggingExample.ConsoleApp\LoggingExample.ConsoleApp.csproj", "{4804FFD5-AD99-4DE4-9ABC-78677DD06602}"
EndProject
Project("{FAE04EC0-301F-11D3-BF4B-00C04F79EFBC}") = "LoggingExample.WebApi", "LoggingExample.WebApi\LoggingExample.WebApi.csproj", "{DFC3B5CD-4D6E-4C26-BC49-C716F222C93E}"
EndProject
Project("{FAE04EC0-301F-11D3-BF4B-00C04F79EFBC}") = "EncDecExample.ConsoleApp", "EncDecExample.ConsoleApp\EncDecExample.ConsoleApp.csproj", "{46E1AA7B-673F-4998-B54D-04A6A1F6CC5A}"
EndProject
Project("{FAE04EC0-301F-11D3-BF4B-00C04F79EFBC}") = "EncDecExample.WebApi", "EncDecExample.WebApi\EncDecExample.WebApi.csproj", "{07476C40-0F56-48EB-8301-11D37379124C}"
EndProject
Project("{FAE04EC0-301F-11D3-BF4B-00C04F79EFBC}") = "SerilogExample.ConsoleApp", "SerilogExample.ConsoleApp\SerilogExample.ConsoleApp.csproj", "{4948BE00-2CDC-431E-8DA5-E77EC9604452}"
EndProject
Project("{FAE04EC0-301F-11D3-BF4B-00C04F79EFBC}") = "SerilogExample.WebApi", "SerilogExample.WebApi\SerilogExample.WebApi.csproj", "{62A78F20-2918-4CCC-81E2-60FCAB9AF254}"
EndProject
Project("{FAE04EC0-301F-11D3-BF4B-00C04F79EFBC}") = "EncDecExample.WebApi2", "EncDecExample.WebApi2\EncDecExample.WebApi2.csproj", "{E1D315C9-E02D-4BB8-B5A5-01331D8E135E}"
EndProject
Project("{FAE04EC0-301F-11D3-BF4B-00C04F79EFBC}") = "EncDecExample.WebApi3", "EncDecExample.WebApi3\EncDecExample.WebApi3.csproj", "{467ED406-4434-4633-83AB-8919F82B6654}"
EndProject
Project("{FAE04EC0-301F-11D3-BF4B-00C04F79EFBC}") = "SerilogExample2.WebApi", "SerilogExample2.WebApi\SerilogExample2.WebApi.csproj", "{C48CF0C9-AF74-49CF-B576-A30F1A11CE5C}"
EndProject
Global
	GlobalSection(SolutionConfigurationPlatforms) = preSolution
		Debug|Any CPU = Debug|Any CPU
		Release|Any CPU = Release|Any CPU
	EndGlobalSection
	GlobalSection(ProjectConfigurationPlatforms) = postSolution
		{4804FFD5-AD99-4DE4-9ABC-78677DD06602}.Debug|Any CPU.ActiveCfg = Debug|Any CPU
		{4804FFD5-AD99-4DE4-9ABC-78677DD06602}.Debug|Any CPU.Build.0 = Debug|Any CPU
		{4804FFD5-AD99-4DE4-9ABC-78677DD06602}.Release|Any CPU.ActiveCfg = Release|Any CPU
		{4804FFD5-AD99-4DE4-9ABC-78677DD06602}.Release|Any CPU.Build.0 = Release|Any CPU
		{DFC3B5CD-4D6E-4C26-BC49-C716F222C93E}.Debug|Any CPU.ActiveCfg = Debug|Any CPU
		{DFC3B5CD-4D6E-4C26-BC49-C716F222C93E}.Debug|Any CPU.Build.0 = Debug|Any CPU
		{DFC3B5CD-4D6E-4C26-BC49-C716F222C93E}.Release|Any CPU.ActiveCfg = Release|Any CPU
		{DFC3B5CD-4D6E-4C26-BC49-C716F222C93E}.Release|Any CPU.Build.0 = Release|Any CPU
		{46E1AA7B-673F-4998-B54D-04A6A1F6CC5A}.Debug|Any CPU.ActiveCfg = Debug|Any CPU
		{46E1AA7B-673F-4998-B54D-04A6A1F6CC5A}.Debug|Any CPU.Build.0 = Debug|Any CPU
		{46E1AA7B-673F-4998-B54D-04A6A1F6CC5A}.Release|Any CPU.ActiveCfg = Release|Any CPU
		{46E1AA7B-673F-4998-B54D-04A6A1F6CC5A}.Release|Any CPU.Build.0 = Release|Any CPU
		{07476C40-0F56-48EB-8301-11D37379124C}.Debug|Any CPU.ActiveCfg = Debug|Any CPU
		{07476C40-0F56-48EB-8301-11D37379124C}.Debug|Any CPU.Build.0 = Debug|Any CPU
		{07476C40-0F56-48EB-8301-11D37379124C}.Release|Any CPU.ActiveCfg = Release|Any CPU
		{07476C40-0F56-48EB-8301-11D37379124C}.Release|Any CPU.Build.0 = Release|Any CPU
		{4948BE00-2CDC-431E-8DA5-E77EC9604452}.Debug|Any CPU.ActiveCfg = Debug|Any CPU
		{4948BE00-2CDC-431E-8DA5-E77EC9604452}.Debug|Any CPU.Build.0 = Debug|Any CPU
		{4948BE00-2CDC-431E-8DA5-E77EC9604452}.Release|Any CPU.ActiveCfg = Release|Any CPU
		{4948BE00-2CDC-431E-8DA5-E77EC9604452}.Release|Any CPU.Build.0 = Release|Any CPU
		{62A78F20-2918-4CCC-81E2-60FCAB9AF254}.Debug|Any CPU.ActiveCfg = Debug|Any CPU
		{62A78F20-2918-4CCC-81E2-60FCAB9AF254}.Debug|Any CPU.Build.0 = Debug|Any CPU
		{62A78F20-2918-4CCC-81E2-60FCAB9AF254}.Release|Any CPU.ActiveCfg = Release|Any CPU
		{62A78F20-2918-4CCC-81E2-60FCAB9AF254}.Release|Any CPU.Build.0 = Release|Any CPU
		{E1D315C9-E02D-4BB8-B5A5-01331D8E135E}.Debug|Any CPU.ActiveCfg = Debug|Any CPU
		{E1D315C9-E02D-4BB8-B5A5-01331D8E135E}.Debug|Any CPU.Build.0 = Debug|Any CPU
		{E1D315C9-E02D-4BB8-B5A5-01331D8E135E}.Release|Any CPU.ActiveCfg = Release|Any CPU
		{E1D315C9-E02D-4BB8-B5A5-01331D8E135E}.Release|Any CPU.Build.0 = Release|Any CPU
		{467ED406-4434-4633-83AB-8919F82B6654}.Debug|Any CPU.ActiveCfg = Debug|Any CPU
		{467ED406-4434-4633-83AB-8919F82B6654}.Debug|Any CPU.Build.0 = Debug|Any CPU
		{467ED406-4434-4633-83AB-8919F82B6654}.Release|Any CPU.ActiveCfg = Release|Any CPU
		{467ED406-4434-4633-83AB-8919F82B6654}.Release|Any CPU.Build.0 = Release|Any CPU
		{C48CF0C9-AF74-49CF-B576-A30F1A11CE5C}.Debug|Any CPU.ActiveCfg = Debug|Any CPU
		{C48CF0C9-AF74-49CF-B576-A30F1A11CE5C}.Debug|Any CPU.Build.0 = Debug|Any CPU
		{C48CF0C9-AF74-49CF-B576-A30F1A11CE5C}.Release|Any CPU.ActiveCfg = Release|Any CPU
		{C48CF0C9-AF74-49CF-B576-A30F1A11CE5C}.Release|Any CPU.Build.0 = Release|Any CPU
	EndGlobalSection
EndGlobal
